
Microsoft Visual Studio Solution File, Format Version 12.00
# Visual Studio Version 17
VisualStudioVersion = 17.1.32421.90
MinimumVisualStudioVersion = 10.0.40219.1
Project("{FAE04EC0-301F-11D3-BF4B-00C04F79EFBC}") = "BlazorSneakers.Server", "BlazorSneakers\Server\BlazorSneakers.Server.csproj", "{C5689A93-28BD-4DB7-9468-011C10AC6503}"
EndProject
Project("{FAE04EC0-301F-11D3-BF4B-00C04F79EFBC}") = "BlazorSneakers.Client", "BlazorSneakers\Client\BlazorSneakers.Client.csproj", "{FE7C3ED5-16E6-4BB2-8BDE-269476E7BFF4}"
EndProject
Project("{FAE04EC0-301F-11D3-BF4B-00C04F79EFBC}") = "BlazorSneakers.Shared", "BlazorSneakers\Shared\BlazorSneakers.Shared.csproj", "{1FA89247-8716-45B6-B715-36383027B6C8}"
EndProject
Global
	GlobalSection(SolutionConfigurationPlatforms) = preSolution
		Debug|Any CPU = Debug|Any CPU
		Release|Any CPU = Release|Any CPU
	EndGlobalSection
	GlobalSection(ProjectConfigurationPlatforms) = postSolution
		{C5689A93-28BD-4DB7-9468-011C10AC6503}.Debug|Any CPU.ActiveCfg = Debug|Any CPU
		{C5689A93-28BD-4DB7-9468-011C10AC6503}.Debug|Any CPU.Build.0 = Debug|Any CPU
		{C5689A93-28BD-4DB7-9468-011C10AC6503}.Release|Any CPU.ActiveCfg = Release|Any CPU
		{C5689A93-28BD-4DB7-9468-011C10AC6503}.Release|Any CPU.Build.0 = Release|Any CPU
		{FE7C3ED5-16E6-4BB2-8BDE-269476E7BFF4}.Debug|Any CPU.ActiveCfg = Debug|Any CPU
		{FE7C3ED5-16E6-4BB2-8BDE-269476E7BFF4}.Debug|Any CPU.Build.0 = Debug|Any CPU
		{FE7C3ED5-16E6-4BB2-8BDE-269476E7BFF4}.Release|Any CPU.ActiveCfg = Release|Any CPU
		{FE7C3ED5-16E6-4BB2-8BDE-269476E7BFF4}.Release|Any CPU.Build.0 = Release|Any CPU
		{1FA89247-8716-45B6-B715-36383027B6C8}.Debug|Any CPU.ActiveCfg = Debug|Any CPU
		{1FA89247-8716-45B6-B715-36383027B6C8}.Debug|Any CPU.Build.0 = Debug|Any CPU
		{1FA89247-8716-45B6-B715-36383027B6C8}.Release|Any CPU.ActiveCfg = Release|Any CPU
		{1FA89247-8716-45B6-B715-36383027B6C8}.Release|Any CPU.Build.0 = Release|Any CPU
	EndGlobalSection
	GlobalSection(SolutionProperties) = preSolution
		HideSolutionNode = FALSE
	EndGlobalSection
	GlobalSection(ExtensibilityGlobals) = postSolution
		SolutionGuid = {1D9F83EE-FF95-4A53-B54A-483760DECD88}
	EndGlobalSection
EndGlobal
